
Microsoft Visual Studio Solution File, Format Version 12.00
# Visual Studio Version 16
VisualStudioVersion = 16.0.29509.3
MinimumVisualStudioVersion = 10.0.40219.1
Project("{9A19103F-16F7-4668-BE54-9A1E7A4F7556}") = "SnakeAPI", "SnakeGame\SnakeAPI.csproj", "{284BB19F-AD17-40BB-BEA8-5FD95E82DB58}"
EndProject
Project("{FAE04EC0-301F-11D3-BF4B-00C04F79EFBC}") = "SnakeAPI.Tests", "SnakeAPI.Tests\SnakeAPI.Tests.csproj", "{C8EEE461-258B-452B-BEA5-5EF994BEDA39}"
EndProject
Global
	GlobalSection(SolutionConfigurationPlatforms) = preSolution
		Debug|Any CPU = Debug|Any CPU
		Release|Any CPU = Release|Any CPU
	EndGlobalSection
	GlobalSection(ProjectConfigurationPlatforms) = postSolution
		{284BB19F-AD17-40BB-BEA8-5FD95E82DB58}.Debug|Any CPU.ActiveCfg = Debug|Any CPU
		{284BB19F-AD17-40BB-BEA8-5FD95E82DB58}.Debug|Any CPU.Build.0 = Debug|Any CPU
		{284BB19F-AD17-40BB-BEA8-5FD95E82DB58}.Release|Any CPU.ActiveCfg = Release|Any CPU
		{284BB19F-AD17-40BB-BEA8-5FD95E82DB58}.Release|Any CPU.Build.0 = Release|Any CPU
		{C8EEE461-258B-452B-BEA5-5EF994BEDA39}.Debug|Any CPU.ActiveCfg = Debug|Any CPU
		{C8EEE461-258B-452B-BEA5-5EF994BEDA39}.Debug|Any CPU.Build.0 = Debug|Any CPU
		{C8EEE461-258B-452B-BEA5-5EF994BEDA39}.Release|Any CPU.ActiveCfg = Release|Any CPU
		{C8EEE461-258B-452B-BEA5-5EF994BEDA39}.Release|Any CPU.Build.0 = Release|Any CPU
	EndGlobalSection
	GlobalSection(SolutionProperties) = preSolution
		HideSolutionNode = FALSE
	EndGlobalSection
	GlobalSection(ExtensibilityGlobals) = postSolution
		SolutionGuid = {D4900A55-2D0E-4D59-831F-E67243A91920}
	EndGlobalSection
EndGlobal
